// !$*UTF8*$!
{
	archiveVersion = 1;
	classes = {
	};
	objectVersion = 55;
	objects = {

/* Begin PBXBuildFile section */
		124E7DA528AD71E900D48156 /* timerApp.swift in Sources */ = {isa = PBXBuildFile; fileRef = 124E7DA428AD71E900D48156 /* timerApp.swift */; };
		124E7DA928AD71EB00D48156 /* Assets.xcassets in Resources */ = {isa = PBXBuildFile; fileRef = 124E7DA828AD71EB00D48156 /* Assets.xcassets */; };
		124E7DAC28AD71EB00D48156 /* Preview Assets.xcassets in Resources */ = {isa = PBXBuildFile; fileRef = 124E7DAB28AD71EB00D48156 /* Preview Assets.xcassets */; };
		124E7DB628AD71EB00D48156 /* timerTests.swift in Sources */ = {isa = PBXBuildFile; fileRef = 124E7DB528AD71EB00D48156 /* timerTests.swift */; };
		124E7DC028AD71EB00D48156 /* timerUITests.swift in Sources */ = {isa = PBXBuildFile; fileRef = 124E7DBF28AD71EB00D48156 /* timerUITests.swift */; };
		124E7DC228AD71EB00D48156 /* timerUITestsLaunchTests.swift in Sources */ = {isa = PBXBuildFile; fileRef = 124E7DC128AD71EB00D48156 /* timerUITestsLaunchTests.swift */; };
		124E7DD928AD80D500D48156 /* MainView.swift in Sources */ = {isa = PBXBuildFile; fileRef = 124E7DD828AD80D500D48156 /* MainView.swift */; };
		124E7DDD28AEBBFC00D48156 /* TimerApp.xcdatamodeld in Sources */ = {isa = PBXBuildFile; fileRef = 124E7DDB28AEBBFC00D48156 /* TimerApp.xcdatamodeld */; };
		124E7DE528B43ADF00D48156 /* DataController.swift in Sources */ = {isa = PBXBuildFile; fileRef = 124E7DE428B43ADF00D48156 /* DataController.swift */; };
		124E7DE728B43BBA00D48156 /* RoutineListView.swift in Sources */ = {isa = PBXBuildFile; fileRef = 124E7DE628B43BBA00D48156 /* RoutineListView.swift */; };
		124E7DE928BA97F700D48156 /* ExerciseListView.swift in Sources */ = {isa = PBXBuildFile; fileRef = 124E7DE828BA97F700D48156 /* ExerciseListView.swift */; };
		124E7DED28BA982300D48156 /* SettingsView.swift in Sources */ = {isa = PBXBuildFile; fileRef = 124E7DEC28BA982300D48156 /* SettingsView.swift */; };
		124E7DEF28BAA01C00D48156 /* CreateRoutineView.swift in Sources */ = {isa = PBXBuildFile; fileRef = 124E7DEE28BAA01C00D48156 /* CreateRoutineView.swift */; };
		124E7DF128BAA43F00D48156 /* RoutineDataEntryView.swift in Sources */ = {isa = PBXBuildFile; fileRef = 124E7DF028BAA43F00D48156 /* RoutineDataEntryView.swift */; };
		124E7DF328BAA45500D48156 /* RoutineExerciseEntryView.swift in Sources */ = {isa = PBXBuildFile; fileRef = 124E7DF228BAA45500D48156 /* RoutineExerciseEntryView.swift */; };
/* End PBXBuildFile section */

/* Begin PBXContainerItemProxy section */
		124E7DB228AD71EB00D48156 /* PBXContainerItemProxy */ = {
			isa = PBXContainerItemProxy;
			containerPortal = 124E7D9928AD71E900D48156 /* Project object */;
			proxyType = 1;
			remoteGlobalIDString = 124E7DA028AD71E900D48156;
			remoteInfo = timer;
		};
		124E7DBC28AD71EB00D48156 /* PBXContainerItemProxy */ = {
			isa = PBXContainerItemProxy;
			containerPortal = 124E7D9928AD71E900D48156 /* Project object */;
			proxyType = 1;
			remoteGlobalIDString = 124E7DA028AD71E900D48156;
			remoteInfo = timer;
		};
/* End PBXContainerItemProxy section */

/* Begin PBXFileReference section */
		124E7DA128AD71E900D48156 /* timer.app */ = {isa = PBXFileReference; explicitFileType = wrapper.application; includeInIndex = 0; path = timer.app; sourceTree = BUILT_PRODUCTS_DIR; };
		124E7DA428AD71E900D48156 /* timerApp.swift */ = {isa = PBXFileReference; lastKnownFileType = sourcecode.swift; path = timerApp.swift; sourceTree = "<group>"; };
		124E7DA828AD71EB00D48156 /* Assets.xcassets */ = {isa = PBXFileReference; lastKnownFileType = folder.assetcatalog; path = Assets.xcassets; sourceTree = "<group>"; };
		124E7DAB28AD71EB00D48156 /* Preview Assets.xcassets */ = {isa = PBXFileReference; lastKnownFileType = folder.assetcatalog; path = "Preview Assets.xcassets"; sourceTree = "<group>"; };
		124E7DB128AD71EB00D48156 /* timerTests.xctest */ = {isa = PBXFileReference; explicitFileType = wrapper.cfbundle; includeInIndex = 0; path = timerTests.xctest; sourceTree = BUILT_PRODUCTS_DIR; };
		124E7DB528AD71EB00D48156 /* timerTests.swift */ = {isa = PBXFileReference; lastKnownFileType = sourcecode.swift; path = timerTests.swift; sourceTree = "<group>"; };
		124E7DBB28AD71EB00D48156 /* timerUITests.xctest */ = {isa = PBXFileReference; explicitFileType = wrapper.cfbundle; includeInIndex = 0; path = timerUITests.xctest; sourceTree = BUILT_PRODUCTS_DIR; };
		124E7DBF28AD71EB00D48156 /* timerUITests.swift */ = {isa = PBXFileReference; lastKnownFileType = sourcecode.swift; path = timerUITests.swift; sourceTree = "<group>"; };
		124E7DC128AD71EB00D48156 /* timerUITestsLaunchTests.swift */ = {isa = PBXFileReference; lastKnownFileType = sourcecode.swift; path = timerUITestsLaunchTests.swift; sourceTree = "<group>"; };
		124E7DD828AD80D500D48156 /* MainView.swift */ = {isa = PBXFileReference; lastKnownFileType = sourcecode.swift; path = MainView.swift; sourceTree = "<group>"; };
		124E7DDC28AEBBFC00D48156 /* TimerApp.xcdatamodel */ = {isa = PBXFileReference; lastKnownFileType = wrapper.xcdatamodel; path = TimerApp.xcdatamodel; sourceTree = "<group>"; };
		124E7DE428B43ADF00D48156 /* DataController.swift */ = {isa = PBXFileReference; lastKnownFileType = sourcecode.swift; path = DataController.swift; sourceTree = "<group>"; };
		124E7DE628B43BBA00D48156 /* RoutineListView.swift */ = {isa = PBXFileReference; lastKnownFileType = sourcecode.swift; path = RoutineListView.swift; sourceTree = "<group>"; };
		124E7DE828BA97F700D48156 /* ExerciseListView.swift */ = {isa = PBXFileReference; lastKnownFileType = sourcecode.swift; path = ExerciseListView.swift; sourceTree = "<group>"; };
		124E7DEC28BA982300D48156 /* SettingsView.swift */ = {isa = PBXFileReference; lastKnownFileType = sourcecode.swift; path = SettingsView.swift; sourceTree = "<group>"; };
		124E7DEE28BAA01C00D48156 /* CreateRoutineView.swift */ = {isa = PBXFileReference; lastKnownFileType = sourcecode.swift; path = CreateRoutineView.swift; sourceTree = "<group>"; };
		124E7DF028BAA43F00D48156 /* RoutineDataEntryView.swift */ = {isa = PBXFileReference; lastKnownFileType = sourcecode.swift; path = RoutineDataEntryView.swift; sourceTree = "<group>"; };
		124E7DF228BAA45500D48156 /* RoutineExerciseEntryView.swift */ = {isa = PBXFileReference; lastKnownFileType = sourcecode.swift; path = RoutineExerciseEntryView.swift; sourceTree = "<group>"; };
/* End PBXFileReference section */

/* Begin PBXFrameworksBuildPhase section */
		124E7D9E28AD71E900D48156 /* Frameworks */ = {
			isa = PBXFrameworksBuildPhase;
			buildActionMask = 2147483647;
			files = (
			);
			runOnlyForDeploymentPostprocessing = 0;
		};
		124E7DAE28AD71EB00D48156 /* Frameworks */ = {
			isa = PBXFrameworksBuildPhase;
			buildActionMask = 2147483647;
			files = (
			);
			runOnlyForDeploymentPostprocessing = 0;
		};
		124E7DB828AD71EB00D48156 /* Frameworks */ = {
			isa = PBXFrameworksBuildPhase;
			buildActionMask = 2147483647;
			files = (
			);
			runOnlyForDeploymentPostprocessing = 0;
		};
/* End PBXFrameworksBuildPhase section */

/* Begin PBXGroup section */
		124E7D9828AD71E900D48156 = {
			isa = PBXGroup;
			children = (
				124E7DA328AD71E900D48156 /* timer */,
				124E7DB428AD71EB00D48156 /* timerTests */,
				124E7DBE28AD71EB00D48156 /* timerUITests */,
				124E7DA228AD71E900D48156 /* Products */,
			);
			sourceTree = "<group>";
		};
		124E7DA228AD71E900D48156 /* Products */ = {
			isa = PBXGroup;
			children = (
				124E7DA128AD71E900D48156 /* timer.app */,
				124E7DB128AD71EB00D48156 /* timerTests.xctest */,
				124E7DBB28AD71EB00D48156 /* timerUITests.xctest */,
			);
			name = Products;
			sourceTree = "<group>";
		};
		124E7DA328AD71E900D48156 /* timer */ = {
			isa = PBXGroup;
			children = (
				124E7DDA28AEBBDB00D48156 /* CoreData */,
				124E7DD528AD804F00D48156 /* Screens */,
				124E7DA428AD71E900D48156 /* timerApp.swift */,
				124E7DA828AD71EB00D48156 /* Assets.xcassets */,
				124E7DAA28AD71EB00D48156 /* Preview Content */,
			);
			path = timer;
			sourceTree = "<group>";
		};
		124E7DAA28AD71EB00D48156 /* Preview Content */ = {
			isa = PBXGroup;
			children = (
				124E7DAB28AD71EB00D48156 /* Preview Assets.xcassets */,
			);
			path = "Preview Content";
			sourceTree = "<group>";
		};
		124E7DB428AD71EB00D48156 /* timerTests */ = {
			isa = PBXGroup;
			children = (
				124E7DB528AD71EB00D48156 /* timerTests.swift */,
			);
			path = timerTests;
			sourceTree = "<group>";
		};
		124E7DBE28AD71EB00D48156 /* timerUITests */ = {
			isa = PBXGroup;
			children = (
				124E7DBF28AD71EB00D48156 /* timerUITests.swift */,
				124E7DC128AD71EB00D48156 /* timerUITestsLaunchTests.swift */,
			);
			path = timerUITests;
			sourceTree = "<group>";
		};
		124E7DD528AD804F00D48156 /* Screens */ = {
			isa = PBXGroup;
			children = (
				124E7DEB28BA980800D48156 /* Exercises */,
				124E7DEA28BA97FE00D48156 /* Routines */,
				124E7DD828AD80D500D48156 /* MainView.swift */,
				124E7DEC28BA982300D48156 /* SettingsView.swift */,
			);
			path = Screens;
			sourceTree = "<group>";
		};
		124E7DDA28AEBBDB00D48156 /* CoreData */ = {
			isa = PBXGroup;
			children = (
				124E7DDB28AEBBFC00D48156 /* TimerApp.xcdatamodeld */,
				124E7DE428B43ADF00D48156 /* DataController.swift */,
			);
			path = CoreData;
			sourceTree = "<group>";
		};
		124E7DEA28BA97FE00D48156 /* Routines */ = {
			isa = PBXGroup;
			children = (
				124E7DE628B43BBA00D48156 /* RoutineListView.swift */,
				124E7DEE28BAA01C00D48156 /* CreateRoutineView.swift */,
				124E7DF028BAA43F00D48156 /* RoutineDataEntryView.swift */,
				124E7DF228BAA45500D48156 /* RoutineExerciseEntryView.swift */,
			);
			path = Routines;
			sourceTree = "<group>";
		};
		124E7DEB28BA980800D48156 /* Exercises */ = {
			isa = PBXGroup;
			children = (
				124E7DE828BA97F700D48156 /* ExerciseListView.swift */,
			);
			path = Exercises;
			sourceTree = "<group>";
		};
/* End PBXGroup section */

/* Begin PBXNativeTarget section */
		124E7DA028AD71E900D48156 /* timer */ = {
			isa = PBXNativeTarget;
			buildConfigurationList = 124E7DC528AD71EB00D48156 /* Build configuration list for PBXNativeTarget "timer" */;
			buildPhases = (
				124E7D9D28AD71E900D48156 /* Sources */,
				124E7D9E28AD71E900D48156 /* Frameworks */,
				124E7D9F28AD71E900D48156 /* Resources */,
			);
			buildRules = (
			);
			dependencies = (
			);
			name = timer;
			productName = timer;
			productReference = 124E7DA128AD71E900D48156 /* timer.app */;
			productType = "com.apple.product-type.application";
		};
		124E7DB028AD71EB00D48156 /* timerTests */ = {
			isa = PBXNativeTarget;
			buildConfigurationList = 124E7DC828AD71EB00D48156 /* Build configuration list for PBXNativeTarget "timerTests" */;
			buildPhases = (
				124E7DAD28AD71EB00D48156 /* Sources */,
				124E7DAE28AD71EB00D48156 /* Frameworks */,
				124E7DAF28AD71EB00D48156 /* Resources */,
			);
			buildRules = (
			);
			dependencies = (
				124E7DB328AD71EB00D48156 /* PBXTargetDependency */,
			);
			name = timerTests;
			productName = timerTests;
			productReference = 124E7DB128AD71EB00D48156 /* timerTests.xctest */;
			productType = "com.apple.product-type.bundle.unit-test";
		};
		124E7DBA28AD71EB00D48156 /* timerUITests */ = {
			isa = PBXNativeTarget;
			buildConfigurationList = 124E7DCB28AD71EB00D48156 /* Build configuration list for PBXNativeTarget "timerUITests" */;
			buildPhases = (
				124E7DB728AD71EB00D48156 /* Sources */,
				124E7DB828AD71EB00D48156 /* Frameworks */,
				124E7DB928AD71EB00D48156 /* Resources */,
			);
			buildRules = (
			);
			dependencies = (
				124E7DBD28AD71EB00D48156 /* PBXTargetDependency */,
			);
			name = timerUITests;
			productName = timerUITests;
			productReference = 124E7DBB28AD71EB00D48156 /* timerUITests.xctest */;
			productType = "com.apple.product-type.bundle.ui-testing";
		};
/* End PBXNativeTarget section */

/* Begin PBXProject section */
		124E7D9928AD71E900D48156 /* Project object */ = {
			isa = PBXProject;
			attributes = {
				BuildIndependentTargetsInParallel = 1;
				LastSwiftUpdateCheck = 1320;
				LastUpgradeCheck = 1320;
				TargetAttributes = {
					124E7DA028AD71E900D48156 = {
						CreatedOnToolsVersion = 13.2.1;
					};
					124E7DB028AD71EB00D48156 = {
						CreatedOnToolsVersion = 13.2.1;
						TestTargetID = 124E7DA028AD71E900D48156;
					};
					124E7DBA28AD71EB00D48156 = {
						CreatedOnToolsVersion = 13.2.1;
						TestTargetID = 124E7DA028AD71E900D48156;
					};
				};
			};
			buildConfigurationList = 124E7D9C28AD71E900D48156 /* Build configuration list for PBXProject "timer" */;
			compatibilityVersion = "Xcode 13.0";
			developmentRegion = en;
			hasScannedForEncodings = 0;
			knownRegions = (
				en,
				Base,
			);
			mainGroup = 124E7D9828AD71E900D48156;
			productRefGroup = 124E7DA228AD71E900D48156 /* Products */;
			projectDirPath = "";
			projectRoot = "";
			targets = (
				124E7DA028AD71E900D48156 /* timer */,
				124E7DB028AD71EB00D48156 /* timerTests */,
				124E7DBA28AD71EB00D48156 /* timerUITests */,
			);
		};
/* End PBXProject section */

/* Begin PBXResourcesBuildPhase section */
		124E7D9F28AD71E900D48156 /* Resources */ = {
			isa = PBXResourcesBuildPhase;
			buildActionMask = 2147483647;
			files = (
				124E7DAC28AD71EB00D48156 /* Preview Assets.xcassets in Resources */,
				124E7DA928AD71EB00D48156 /* Assets.xcassets in Resources */,
			);
			runOnlyForDeploymentPostprocessing = 0;
		};
		124E7DAF28AD71EB00D48156 /* Resources */ = {
			isa = PBXResourcesBuildPhase;
			buildActionMask = 2147483647;
			files = (
			);
			runOnlyForDeploymentPostprocessing = 0;
		};
		124E7DB928AD71EB00D48156 /* Resources */ = {
			isa = PBXResourcesBuildPhase;
			buildActionMask = 2147483647;
			files = (
			);
			runOnlyForDeploymentPostprocessing = 0;
		};
/* End PBXResourcesBuildPhase section */

/* Begin PBXSourcesBuildPhase section */
		124E7D9D28AD71E900D48156 /* Sources */ = {
			isa = PBXSourcesBuildPhase;
			buildActionMask = 2147483647;
			files = (
				124E7DED28BA982300D48156 /* SettingsView.swift in Sources */,
				124E7DE728B43BBA00D48156 /* RoutineListView.swift in Sources */,
				124E7DF128BAA43F00D48156 /* RoutineDataEntryView.swift in Sources */,
				124E7DE528B43ADF00D48156 /* DataController.swift in Sources */,
				124E7DF328BAA45500D48156 /* RoutineExerciseEntryView.swift in Sources */,
				124E7DD928AD80D500D48156 /* MainView.swift in Sources */,
				124E7DDD28AEBBFC00D48156 /* TimerApp.xcdatamodeld in Sources */,
				124E7DE928BA97F700D48156 /* ExerciseListView.swift in Sources */,
				124E7DA528AD71E900D48156 /* timerApp.swift in Sources */,
				124E7DEF28BAA01C00D48156 /* CreateRoutineView.swift in Sources */,
			);
			runOnlyForDeploymentPostprocessing = 0;
		};
		124E7DAD28AD71EB00D48156 /* Sources */ = {
			isa = PBXSourcesBuildPhase;
			buildActionMask = 2147483647;
			files = (
				124E7DB628AD71EB00D48156 /* timerTests.swift in Sources */,
			);
			runOnlyForDeploymentPostprocessing = 0;
		};
		124E7DB728AD71EB00D48156 /* Sources */ = {
			isa = PBXSourcesBuildPhase;
			buildActionMask = 2147483647;
			files = (
				124E7DC228AD71EB00D48156 /* timerUITestsLaunchTests.swift in Sources */,
				124E7DC028AD71EB00D48156 /* timerUITests.swift in Sources */,
			);
			runOnlyForDeploymentPostprocessing = 0;
		};
/* End PBXSourcesBuildPhase section */

/* Begin PBXTargetDependency section */
		124E7DB328AD71EB00D48156 /* PBXTargetDependency */ = {
			isa = PBXTargetDependency;
			target = 124E7DA028AD71E900D48156 /* timer */;
			targetProxy = 124E7DB228AD71EB00D48156 /* PBXContainerItemProxy */;
		};
		124E7DBD28AD71EB00D48156 /* PBXTargetDependency */ = {
			isa = PBXTargetDependency;
			target = 124E7DA028AD71E900D48156 /* timer */;
			targetProxy = 124E7DBC28AD71EB00D48156 /* PBXContainerItemProxy */;
		};
/* End PBXTargetDependency section */

/* Begin XCBuildConfiguration section */
		124E7DC328AD71EB00D48156 /* Debug */ = {
			isa = XCBuildConfiguration;
			buildSettings = {
				ALWAYS_SEARCH_USER_PATHS = NO;
				CLANG_ANALYZER_NONNULL = YES;
				CLANG_ANALYZER_NUMBER_OBJECT_CONVERSION = YES_AGGRESSIVE;
				CLANG_CXX_LANGUAGE_STANDARD = "gnu++17";
				CLANG_CXX_LIBRARY = "libc++";
				CLANG_ENABLE_MODULES = YES;
				CLANG_ENABLE_OBJC_ARC = YES;
				CLANG_ENABLE_OBJC_WEAK = YES;
				CLANG_WARN_BLOCK_CAPTURE_AUTORELEASING = YES;
				CLANG_WARN_BOOL_CONVERSION = YES;
				CLANG_WARN_COMMA = YES;
				CLANG_WARN_CONSTANT_CONVERSION = YES;
				CLANG_WARN_DEPRECATED_OBJC_IMPLEMENTATIONS = YES;
				CLANG_WARN_DIRECT_OBJC_ISA_USAGE = YES_ERROR;
				CLANG_WARN_DOCUMENTATION_COMMENTS = YES;
				CLANG_WARN_EMPTY_BODY = YES;
				CLANG_WARN_ENUM_CONVERSION = YES;
				CLANG_WARN_INFINITE_RECURSION = YES;
				CLANG_WARN_INT_CONVERSION = YES;
				CLANG_WARN_NON_LITERAL_NULL_CONVERSION = YES;
				CLANG_WARN_OBJC_IMPLICIT_RETAIN_SELF = YES;
				CLANG_WARN_OBJC_LITERAL_CONVERSION = YES;
				CLANG_WARN_OBJC_ROOT_CLASS = YES_ERROR;
				CLANG_WARN_QUOTED_INCLUDE_IN_FRAMEWORK_HEADER = YES;
				CLANG_WARN_RANGE_LOOP_ANALYSIS = YES;
				CLANG_WARN_STRICT_PROTOTYPES = YES;
				CLANG_WARN_SUSPICIOUS_MOVE = YES;
				CLANG_WARN_UNGUARDED_AVAILABILITY = YES_AGGRESSIVE;
				CLANG_WARN_UNREACHABLE_CODE = YES;
				CLANG_WARN__DUPLICATE_METHOD_MATCH = YES;
				COPY_PHASE_STRIP = NO;
				DEBUG_INFORMATION_FORMAT = dwarf;
				ENABLE_STRICT_OBJC_MSGSEND = YES;
				ENABLE_TESTABILITY = YES;
				GCC_C_LANGUAGE_STANDARD = gnu11;
				GCC_DYNAMIC_NO_PIC = NO;
				GCC_NO_COMMON_BLOCKS = YES;
				GCC_OPTIMIZATION_LEVEL = 0;
				GCC_PREPROCESSOR_DEFINITIONS = (
					"DEBUG=1",
					"$(inherited)",
				);
				GCC_WARN_64_TO_32_BIT_CONVERSION = YES;
				GCC_WARN_ABOUT_RETURN_TYPE = YES_ERROR;
				GCC_WARN_UNDECLARED_SELECTOR = YES;
				GCC_WARN_UNINITIALIZED_AUTOS = YES_AGGRESSIVE;
				GCC_WARN_UNUSED_FUNCTION = YES;
				GCC_WARN_UNUSED_VARIABLE = YES;
				IPHONEOS_DEPLOYMENT_TARGET = 15.2;
				MTL_ENABLE_DEBUG_INFO = INCLUDE_SOURCE;
				MTL_FAST_MATH = YES;
				ONLY_ACTIVE_ARCH = YES;
				SDKROOT = iphoneos;
				SWIFT_ACTIVE_COMPILATION_CONDITIONS = DEBUG;
				SWIFT_OPTIMIZATION_LEVEL = "-Onone";
			};
			name = Debug;
		};
		124E7DC428AD71EB00D48156 /* Release */ = {
			isa = XCBuildConfiguration;
			buildSettings = {
				ALWAYS_SEARCH_USER_PATHS = NO;
				CLANG_ANALYZER_NONNULL = YES;
				CLANG_ANALYZER_NUMBER_OBJECT_CONVERSION = YES_AGGRESSIVE;
				CLANG_CXX_LANGUAGE_STANDARD = "gnu++17";
				CLANG_CXX_LIBRARY = "libc++";
				CLANG_ENABLE_MODULES = YES;
				CLANG_ENABLE_OBJC_ARC = YES;
				CLANG_ENABLE_OBJC_WEAK = YES;
				CLANG_WARN_BLOCK_CAPTURE_AUTORELEASING = YES;
				CLANG_WARN_BOOL_CONVERSION = YES;
				CLANG_WARN_COMMA = YES;
				CLANG_WARN_CONSTANT_CONVERSION = YES;
				CLANG_WARN_DEPRECATED_OBJC_IMPLEMENTATIONS = YES;
				CLANG_WARN_DIRECT_OBJC_ISA_USAGE = YES_ERROR;
				CLANG_WARN_DOCUMENTATION_COMMENTS = YES;
				CLANG_WARN_EMPTY_BODY = YES;
				CLANG_WARN_ENUM_CONVERSION = YES;
				CLANG_WARN_INFINITE_RECURSION = YES;
				CLANG_WARN_INT_CONVERSION = YES;
				CLANG_WARN_NON_LITERAL_NULL_CONVERSION = YES;
				CLANG_WARN_OBJC_IMPLICIT_RETAIN_SELF = YES;
				CLANG_WARN_OBJC_LITERAL_CONVERSION = YES;
				CLANG_WARN_OBJC_ROOT_CLASS = YES_ERROR;
				CLANG_WARN_QUOTED_INCLUDE_IN_FRAMEWORK_HEADER = YES;
				CLANG_WARN_RANGE_LOOP_ANALYSIS = YES;
				CLANG_WARN_STRICT_PROTOTYPES = YES;
				CLANG_WARN_SUSPICIOUS_MOVE = YES;
				CLANG_WARN_UNGUARDED_AVAILABILITY = YES_AGGRESSIVE;
				CLANG_WARN_UNREACHABLE_CODE = YES;
				CLANG_WARN__DUPLICATE_METHOD_MATCH = YES;
				COPY_PHASE_STRIP = NO;
				DEBUG_INFORMATION_FORMAT = "dwarf-with-dsym";
				ENABLE_NS_ASSERTIONS = NO;
				ENABLE_STRICT_OBJC_MSGSEND = YES;
				GCC_C_LANGUAGE_STANDARD = gnu11;
				GCC_NO_COMMON_BLOCKS = YES;
				GCC_WARN_64_TO_32_BIT_CONVERSION = YES;
				GCC_WARN_ABOUT_RETURN_TYPE = YES_ERROR;
				GCC_WARN_UNDECLARED_SELECTOR = YES;
				GCC_WARN_UNINITIALIZED_AUTOS = YES_AGGRESSIVE;
				GCC_WARN_UNUSED_FUNCTION = YES;
				GCC_WARN_UNUSED_VARIABLE = YES;
				IPHONEOS_DEPLOYMENT_TARGET = 15.2;
				MTL_ENABLE_DEBUG_INFO = NO;
				MTL_FAST_MATH = YES;
				SDKROOT = iphoneos;
				SWIFT_COMPILATION_MODE = wholemodule;
				SWIFT_OPTIMIZATION_LEVEL = "-O";
				VALIDATE_PRODUCT = YES;
			};
			name = Release;
		};
		124E7DC628AD71EB00D48156 /* Debug */ = {
			isa = XCBuildConfiguration;
			buildSettings = {
				ASSETCATALOG_COMPILER_APPICON_NAME = AppIcon;
				ASSETCATALOG_COMPILER_GLOBAL_ACCENT_COLOR_NAME = AccentColor;
				CODE_SIGN_STYLE = Automatic;
				CURRENT_PROJECT_VERSION = 1;
				DEVELOPMENT_ASSET_PATHS = "\"timer/Preview Content\"";
				DEVELOPMENT_TEAM = P64BHXUP6C;
				ENABLE_PREVIEWS = YES;
				GENERATE_INFOPLIST_FILE = YES;
				INFOPLIST_KEY_UIApplicationSceneManifest_Generation = YES;
				INFOPLIST_KEY_UIApplicationSupportsIndirectInputEvents = YES;
				INFOPLIST_KEY_UILaunchScreen_Generation = YES;
				INFOPLIST_KEY_UISupportedInterfaceOrientations_iPad = "UIInterfaceOrientationPortrait UIInterfaceOrientationPortraitUpsideDown UIInterfaceOrientationLandscapeLeft UIInterfaceOrientationLandscapeRight";
				INFOPLIST_KEY_UISupportedInterfaceOrientations_iPhone = "UIInterfaceOrientationPortrait UIInterfaceOrientationLandscapeLeft UIInterfaceOrientationLandscapeRight";
				LD_RUNPATH_SEARCH_PATHS = (
					"$(inherited)",
					"@executable_path/Frameworks",
				);
				MARKETING_VERSION = 1.0;
				PRODUCT_BUNDLE_IDENTIFIER = andersondavid.timer;
				PRODUCT_NAME = "$(TARGET_NAME)";
				SWIFT_EMIT_LOC_STRINGS = YES;
				SWIFT_VERSION = 5.0;
				TARGETED_DEVICE_FAMILY = "1,2";
			};
			name = Debug;
		};
		124E7DC728AD71EB00D48156 /* Release */ = {
			isa = XCBuildConfiguration;
			buildSettings = {
				ASSETCATALOG_COMPILER_APPICON_NAME = AppIcon;
				ASSETCATALOG_COMPILER_GLOBAL_ACCENT_COLOR_NAME = AccentColor;
				CODE_SIGN_STYLE = Automatic;
				CURRENT_PROJECT_VERSION = 1;
				DEVELOPMENT_ASSET_PATHS = "\"timer/Preview Content\"";
				DEVELOPMENT_TEAM = P64BHXUP6C;
				ENABLE_PREVIEWS = YES;
				GENERATE_INFOPLIST_FILE = YES;
				INFOPLIST_KEY_UIApplicationSceneManifest_Generation = YES;
				INFOPLIST_KEY_UIApplicationSupportsIndirectInputEvents = YES;
				INFOPLIST_KEY_UILaunchScreen_Generation = YES;
				INFOPLIST_KEY_UISupportedInterfaceOrientations_iPad = "UIInterfaceOrientationPortrait UIInterfaceOrientationPortraitUpsideDown UIInterfaceOrientationLandscapeLeft UIInterfaceOrientationLandscapeRight";
				INFOPLIST_KEY_UISupportedInterfaceOrientations_iPhone = "UIInterfaceOrientationPortrait UIInterfaceOrientationLandscapeLeft UIInterfaceOrientationLandscapeRight";
				LD_RUNPATH_SEARCH_PATHS = (
					"$(inherited)",
					"@executable_path/Frameworks",
				);
				MARKETING_VERSION = 1.0;
				PRODUCT_BUNDLE_IDENTIFIER = andersondavid.timer;
				PRODUCT_NAME = "$(TARGET_NAME)";
				SWIFT_EMIT_LOC_STRINGS = YES;
				SWIFT_VERSION = 5.0;
				TARGETED_DEVICE_FAMILY = "1,2";
			};
			name = Release;
		};
		124E7DC928AD71EB00D48156 /* Debug */ = {
			isa = XCBuildConfiguration;
			buildSettings = {
				ALWAYS_EMBED_SWIFT_STANDARD_LIBRARIES = YES;
				BUNDLE_LOADER = "$(TEST_HOST)";
				CODE_SIGN_STYLE = Automatic;
				CURRENT_PROJECT_VERSION = 1;
				DEVELOPMENT_TEAM = P64BHXUP6C;
				GENERATE_INFOPLIST_FILE = YES;
				IPHONEOS_DEPLOYMENT_TARGET = 15.2;
				MARKETING_VERSION = 1.0;
				PRODUCT_BUNDLE_IDENTIFIER = andersondavid.timerTests;
				PRODUCT_NAME = "$(TARGET_NAME)";
				SWIFT_EMIT_LOC_STRINGS = NO;
				SWIFT_VERSION = 5.0;
				TARGETED_DEVICE_FAMILY = "1,2";
				TEST_HOST = "$(BUILT_PRODUCTS_DIR)/timer.app/timer";
			};
			name = Debug;
		};
		124E7DCA28AD71EB00D48156 /* Release */ = {
			isa = XCBuildConfiguration;
			buildSettings = {
				ALWAYS_EMBED_SWIFT_STANDARD_LIBRARIES = YES;
				BUNDLE_LOADER = "$(TEST_HOST)";
				CODE_SIGN_STYLE = Automatic;
				CURRENT_PROJECT_VERSION = 1;
				DEVELOPMENT_TEAM = P64BHXUP6C;
				GENERATE_INFOPLIST_FILE = YES;
				IPHONEOS_DEPLOYMENT_TARGET = 15.2;
				MARKETING_VERSION = 1.0;
				PRODUCT_BUNDLE_IDENTIFIER = andersondavid.timerTests;
				PRODUCT_NAME = "$(TARGET_NAME)";
				SWIFT_EMIT_LOC_STRINGS = NO;
				SWIFT_VERSION = 5.0;
				TARGETED_DEVICE_FAMILY = "1,2";
				TEST_HOST = "$(BUILT_PRODUCTS_DIR)/timer.app/timer";
			};
			name = Release;
		};
		124E7DCC28AD71EB00D48156 /* Debug */ = {
			isa = XCBuildConfiguration;
			buildSettings = {
				ALWAYS_EMBED_SWIFT_STANDARD_LIBRARIES = YES;
				CODE_SIGN_STYLE = Automatic;
				CURRENT_PROJECT_VERSION = 1;
				DEVELOPMENT_TEAM = P64BHXUP6C;
				GENERATE_INFOPLIST_FILE = YES;
				MARKETING_VERSION = 1.0;
				PRODUCT_BUNDLE_IDENTIFIER = andersondavid.timerUITests;
				PRODUCT_NAME = "$(TARGET_NAME)";
				SWIFT_EMIT_LOC_STRINGS = NO;
				SWIFT_VERSION = 5.0;
				TARGETED_DEVICE_FAMILY = "1,2";
				TEST_TARGET_NAME = timer;
			};
			name = Debug;
		};
		124E7DCD28AD71EB00D48156 /* Release */ = {
			isa = XCBuildConfiguration;
			buildSettings = {
				ALWAYS_EMBED_SWIFT_STANDARD_LIBRARIES = YES;
				CODE_SIGN_STYLE = Automatic;
				CURRENT_PROJECT_VERSION = 1;
				DEVELOPMENT_TEAM = P64BHXUP6C;
				GENERATE_INFOPLIST_FILE = YES;
				MARKETING_VERSION = 1.0;
				PRODUCT_BUNDLE_IDENTIFIER = andersondavid.timerUITests;
				PRODUCT_NAME = "$(TARGET_NAME)";
				SWIFT_EMIT_LOC_STRINGS = NO;
				SWIFT_VERSION = 5.0;
				TARGETED_DEVICE_FAMILY = "1,2";
				TEST_TARGET_NAME = timer;
			};
			name = Release;
		};
/* End XCBuildConfiguration section */

/* Begin XCConfigurationList section */
		124E7D9C28AD71E900D48156 /* Build configuration list for PBXProject "timer" */ = {
			isa = XCConfigurationList;
			buildConfigurations = (
				124E7DC328AD71EB00D48156 /* Debug */,
				124E7DC428AD71EB00D48156 /* Release */,
			);
			defaultConfigurationIsVisible = 0;
			defaultConfigurationName = Release;
		};
		124E7DC528AD71EB00D48156 /* Build configuration list for PBXNativeTarget "timer" */ = {
			isa = XCConfigurationList;
			buildConfigurations = (
				124E7DC628AD71EB00D48156 /* Debug */,
				124E7DC728AD71EB00D48156 /* Release */,
			);
			defaultConfigurationIsVisible = 0;
			defaultConfigurationName = Release;
		};
		124E7DC828AD71EB00D48156 /* Build configuration list for PBXNativeTarget "timerTests" */ = {
			isa = XCConfigurationList;
			buildConfigurations = (
				124E7DC928AD71EB00D48156 /* Debug */,
				124E7DCA28AD71EB00D48156 /* Release */,
			);
			defaultConfigurationIsVisible = 0;
			defaultConfigurationName = Release;
		};
		124E7DCB28AD71EB00D48156 /* Build configuration list for PBXNativeTarget "timerUITests" */ = {
			isa = XCConfigurationList;
			buildConfigurations = (
				124E7DCC28AD71EB00D48156 /* Debug */,
				124E7DCD28AD71EB00D48156 /* Release */,
			);
			defaultConfigurationIsVisible = 0;
			defaultConfigurationName = Release;
		};
/* End XCConfigurationList section */

/* Begin XCVersionGroup section */
		124E7DDB28AEBBFC00D48156 /* TimerApp.xcdatamodeld */ = {
			isa = XCVersionGroup;
			children = (
				124E7DDC28AEBBFC00D48156 /* TimerApp.xcdatamodel */,
			);
			currentVersion = 124E7DDC28AEBBFC00D48156 /* TimerApp.xcdatamodel */;
			path = TimerApp.xcdatamodeld;
			sourceTree = "<group>";
			versionGroupType = wrapper.xcdatamodel;
		};
/* End XCVersionGroup section */
	};
	rootObject = 124E7D9928AD71E900D48156 /* Project object */;
}
